
Microsoft Visual Studio Solution File, Format Version 12.00
# Visual Studio Version 17
VisualStudioVersion = 17.0.31919.166
MinimumVisualStudioVersion = 10.0.40219.1
Project("{9A19103F-16F7-4668-BE54-9A1E7A4F7556}") = "Auto", "Auto\Auto.csproj", "{916FEAC4-1300-4A15-8AD8-BCA35F140A9E}"
EndProject
Project("{FAE04EC0-301F-11D3-BF4B-00C04F79EFBC}") = "UnitTests", "UnitTests\UnitTests.csproj", "{6CD4580B-9483-473A-8756-50974B05B02E}"
EndProject
Project("{FAE04EC0-301F-11D3-BF4B-00C04F79EFBC}") = "AutoContracts", "AutoContracts\AutoContracts.csproj", "{4D18F977-0D09-4835-AE03-FDF43F5F97AB}"
EndProject
Project("{FAE04EC0-301F-11D3-BF4B-00C04F79EFBC}") = "Benchmarks", "Benchmarks\Benchmarks.csproj", "{C66A1C31-92C1-4482-9312-6CA8C756B7EA}"
EndProject
Global
	GlobalSection(SolutionConfigurationPlatforms) = preSolution
		Debug|Any CPU = Debug|Any CPU
		Release|Any CPU = Release|Any CPU
	EndGlobalSection
	GlobalSection(ProjectConfigurationPlatforms) = postSolution
		{916FEAC4-1300-4A15-8AD8-BCA35F140A9E}.Debug|Any CPU.ActiveCfg = Debug|Any CPU
		{916FEAC4-1300-4A15-8AD8-BCA35F140A9E}.Debug|Any CPU.Build.0 = Debug|Any CPU
		{916FEAC4-1300-4A15-8AD8-BCA35F140A9E}.Release|Any CPU.ActiveCfg = Release|Any CPU
		{916FEAC4-1300-4A15-8AD8-BCA35F140A9E}.Release|Any CPU.Build.0 = Release|Any CPU
		{6CD4580B-9483-473A-8756-50974B05B02E}.Debug|Any CPU.ActiveCfg = Debug|Any CPU
		{6CD4580B-9483-473A-8756-50974B05B02E}.Debug|Any CPU.Build.0 = Debug|Any CPU
		{6CD4580B-9483-473A-8756-50974B05B02E}.Release|Any CPU.ActiveCfg = Release|Any CPU
		{6CD4580B-9483-473A-8756-50974B05B02E}.Release|Any CPU.Build.0 = Release|Any CPU
		{4D18F977-0D09-4835-AE03-FDF43F5F97AB}.Debug|Any CPU.ActiveCfg = Debug|Any CPU
		{4D18F977-0D09-4835-AE03-FDF43F5F97AB}.Debug|Any CPU.Build.0 = Debug|Any CPU
		{4D18F977-0D09-4835-AE03-FDF43F5F97AB}.Release|Any CPU.ActiveCfg = Release|Any CPU
		{4D18F977-0D09-4835-AE03-FDF43F5F97AB}.Release|Any CPU.Build.0 = Release|Any CPU
		{C66A1C31-92C1-4482-9312-6CA8C756B7EA}.Debug|Any CPU.ActiveCfg = Debug|Any CPU
		{C66A1C31-92C1-4482-9312-6CA8C756B7EA}.Debug|Any CPU.Build.0 = Debug|Any CPU
		{C66A1C31-92C1-4482-9312-6CA8C756B7EA}.Release|Any CPU.ActiveCfg = Release|Any CPU
		{C66A1C31-92C1-4482-9312-6CA8C756B7EA}.Release|Any CPU.Build.0 = Release|Any CPU
	EndGlobalSection
	GlobalSection(SolutionProperties) = preSolution
		HideSolutionNode = FALSE
	EndGlobalSection
	GlobalSection(ExtensibilityGlobals) = postSolution
		SolutionGuid = {679F5E08-52E3-4295-8852-CEA23643F36A}
	EndGlobalSection
EndGlobal
